version = 1
requires-python = ">=3.11"

[[package]]
name = "drumsheet-manager"
version = "0.1.0"
source = { virtual = "." }
dependencies = [
    { name = "psycopg", extra = ["binary"] },
    { name = "sqlalchemy" },
]

[package.metadata]
requires-dist = [
    { name = "psycopg", extras = ["binary"], specifier = ">=3.2.0" },
    { name = "sqlalchemy", specifier = ">=2.0.0" },
]

[[package]]
name = "greenlet"
version = "3.5.0"
source = { registry = "https://pypi.org/simple" }
sdist = { url = "https://files.pythonhosted.org/packages/3c/3f/dbf99fb14bfeb88c28f16729215478c0e265cacd6dc22270c8f31bb6892f/greenlet-3.5.0.tar.gz", hash = "sha256:d419647372241bc68e957bf38d5c1f98852155e4146bd1e4121adea81f4f01e4", size = 196995 }
wheels = [
    { url = "https://files.pythonhosted.org/packages/8b/0f/a91f143f356523ff682309732b175765a9bc2836fd7c081c2c67fedc1ad4/greenlet-3.5.0-cp311-cp311-macosx_11_0_universal2.whl", hash = "sha256:8f1cc966c126639cd152fdaa52624d2655f492faa79e013fea161de3e6dda082", size = 284726 },
    { url = "https://files.pythonhosted.org/packages/95/82/800646c7ffc5dbabd75ddd2f6b519bb898c0c9c969e5d0473bfe5d20bcce/greenlet-3.5.0-cp311-cp311-manylinux_2_24_aarch64.manylinux_2_28_aarch64.whl", hash = "sha256:362624e6a8e5bca3b8233e45eef33903a100e9539a2b995c364d595dbc4018b3", size = 604264 },
    { url = "https://files.pythonhosted.org/packages/ca/ac/354867c0bba812fc33b15bc55aedafedd0aee3c7dd91dfca22444157dc0c/greenlet-3.5.0-cp311-cp311-manylinux_2_24_ppc64le.manylinux_2_28_ppc64le.whl", hash = "sha256:5ecd83806b0f4c2f53b1018e0005cd82269ea01d42befc0368730028d850ed1c", size = 616099 },
    { url = "https://files.pythonhosted.org/packages/c9/ab/192090c4a5b30df148c22bf4b8895457d739a7c7c5a7b9c41e5dd7f537f2/greenlet-3.5.0-cp311-cp311-manylinux_2_24_s390x.manylinux_2_28_s390x.whl", hash = "sha256:fa94cb2288681e3a11645958f1871d48ee9211bd2f66628fdace505927d6e564", size = 623976 },
    { url = "https://files.pythonhosted.org/packages/ff/b0/815bece7399e01cadb69014219eebd0042339875c59a59b0820a46ece356/greenlet-3.5.0-cp311-cp311-manylinux_2_24_x86_64.manylinux_2_28_x86_64.whl", hash = "sha256:0ff251e9a0279522e62f6176412869395a64ddf2b5c5f782ff609a8216a4e662", size = 615198 },
    { url = "https://files.pythonhosted.org/packages/24/11/05eb2b9b188c6df7d68a89c99134d644a7af616a40b9808e8e6ced315d5d/greenlet-3.5.0-cp311-cp311-manylinux_2_39_riscv64.whl", hash = "sha256:64d6ac45f7271f48e45f67c95b54ef73534c52ec041fcda8edf520c6d811f4bc", size = 418379 },
    { url = "https://files.pythonhosted.org/packages/10/80/3b2c0a895d6698f6ddb31b07942ebfa982f3e30888bc5546a5b5990de8b2/greenlet-3.5.0-cp311-cp311-musllinux_1_2_aarch64.whl", hash = "sha256:6d874e79afd41a96e11ff4c5d0bc90a80973e476fda1c2c64985667397df432b", size = 1574927 },
    { url = "https://files.pythonhosted.org/packages/44/0e/f354af514a4c61454dbc68e44d47544a5a4d6317e30b77ddfa3a09f4c5f3/greenlet-3.5.0-cp311-cp311-musllinux_1_2_x86_64.whl", hash = "sha256:0ed006e4b86c59de7467eb2601cd1b77b5a7d657d1ee55e30fe30d76451edba4", size = 1642683 },
    { url = "https://files.pythonhosted.org/packages/fa/6a/87f38255201e993a1915265ebb80cd7c2c78b04a45744995abbf6b259fd8/greenlet-3.5.0-cp311-cp311-win_amd64.whl", hash = "sha256:703cb211b820dbffbbc55a16bfc6e4583a6e6e990f33a119d2cc8b83211119c8", size = 238115 },
    { url = "https://files.pythonhosted.org/packages/e3/f8/450fe3c5938fa737ea4d22699772e6e34e8e24431a47bf4e8a1ceed4a98e/greenlet-3.5.0-cp311-cp311-win_arm64.whl", hash = "sha256:6c18dfb59c70f5a94acd271c72e90128c3c776e41e5f07767908c8c1b74ad339", size = 235017 },
    { url = "https://files.pythonhosted.org/packages/ef/32/f2ce6d4cac3e55bc6173f92dbe627e782e1850f89d986c3606feb63aafa7/greenlet-3.5.0-cp312-cp312-macosx_11_0_universal2.whl", hash = "sha256:db2910d3c809444e0a20147361f343fe2798e106af8d9d8506f5305302655a9f", size = 286228 },
    { url = "https://files.pythonhosted.org/packages/b7/aa/caed9e5adf742315fc7be2a84196373aab4816e540e38ba0d76cb7584d68/greenlet-3.5.0-cp312-cp312-manylinux_2_24_aarch64.manylinux_2_28_aarch64.whl", hash = "sha256:3ec9ea74e7268ace7f9aab1b1a4e730193fc661b39a993cd91c606c32d4a3628", size = 601775 },
    { url = "https://files.pythonhosted.org/packages/c7/af/90ae08497400a941595d12774447f752d3dfe0fbb012e35b76bc5c0ff37e/greenlet-3.5.0-cp312-cp312-manylinux_2_24_ppc64le.manylinux_2_28_ppc64le.whl", hash = "sha256:54d243512da35485fc7a6bf3c178fdda6327a9d6506fcdd62b1abd1e41b2927b", size = 614436 },
    { url = "https://files.pythonhosted.org/packages/3f/e9/4eeadf8cb3403ac274245ba75f07844abc7fa5f6787583fc9156ba741e0f/greenlet-3.5.0-cp312-cp312-manylinux_2_24_s390x.manylinux_2_28_s390x.whl", hash = "sha256:41353ec2ecedf7aa8f682753a41919f8718031a6edac46b8d3dc7ed9e1ceb136", size = 620610 },
    { url = "https://files.pythonhosted.org/packages/2b/e0/2e13df68f367e2f9960616927d60857dd7e56aaadd59a47c644216b2f920/greenlet-3.5.0-cp312-cp312-manylinux_2_24_x86_64.manylinux_2_28_x86_64.whl", hash = "sha256:9d280a7f5c331622c69f97eb167f33577ff2d1df282c41cd15907fc0a3ca198c", size = 611388 },
    { url = "https://files.pythonhosted.org/packages/ee/ef/f913b3c0eb7d26d86a2401c5e1546c9d46b657efee724b06f6f4ac5d8824/greenlet-3.5.0-cp312-cp312-manylinux_2_39_riscv64.whl", hash = "sha256:58c1c374fe2b3d852f9b6b11a7dff4c85404e51b9a596fd9e89cf904eb09866d", size = 422775 },
    { url = "https://files.pythonhosted.org/packages/82/f7/393c64055132ac0d488ef6be549253b7e6274194863967ddc0bc8f5b87b8/greenlet-3.5.0-cp312-cp312-musllinux_1_2_aarch64.whl", hash = "sha256:1eb67d5adefb5bd2e182d42678a328979a209e4e82eb93575708185d31d1f588", size = 1570768 },
    { url = "https://files.pythonhosted.org/packages/b8/4b/eaf7735253522cf56d1b74d672a58f54fc114702ceaf05def59aae72f6e1/greenlet-3.5.0-cp312-cp312-musllinux_1_2_x86_64.whl", hash = "sha256:2628d6c86f6cb0cb45e0c3c54058bbec559f57eaae699447748cb3928150577e", size = 1635983 },
    { url = "https://files.pythonhosted.org/packages/4c/fe/4fb3a0805bd5165da5ebf858da7cc01cce8061674106d2cf5bdab32cbfde/greenlet-3.5.0-cp312-cp312-win_amd64.whl", hash = "sha256:d4d9f0624c775f2dfc56ba54d515a8c771044346852a918b405914f6b19d7fd8", size = 238840 },
    { url = "https://files.pythonhosted.org/packages/cb/cb/baa584cb00532126ffe12d9787db0a60c5a4f55c27bfe2666df5d4c30a32/greenlet-3.5.0-cp312-cp312-win_arm64.whl", hash = "sha256:83ed9f27f1680b50e89f40f6df348a290ea234b249a4003d366663a12eab94f2", size = 235615 },
    { url = "https://files.pythonhosted.org/packages/0c/58/fc576f99037ce19c5aa16628e4c3226b6d1419f72a62c79f5f40576e6eb3/greenlet-3.5.0-cp313-cp313-macosx_11_0_universal2.whl", hash = "sha256:5a5ed18de6a0f6cc7087f1563f6bd93fc7df1c19165ca01e9bde5a5dc281d106", size = 285066 },
    { url = "https://files.pythonhosted.org/packages/4a/ba/b28ddbe6bfad6a8ac196ef0e8cff37bc65b79735995b9e410923fffeeb70/greenlet-3.5.0-cp313-cp313-manylinux_2_24_aarch64.manylinux_2_28_aarch64.whl", hash = "sha256:3a717fbc46d8a354fa675f7c1e813485b6ba3885f9bef0cd56e5ba27d758ff5b", size = 604414 },
    { url = "https://files.pythonhosted.org/packages/09/06/4b69f8f0b67603a8be2790e55107a190b376f2627fe0eaf5695d85ffb3cd/greenlet-3.5.0-cp313-cp313-manylinux_2_24_ppc64le.manylinux_2_28_ppc64le.whl", hash = "sha256:ddc090c5c1792b10246a78e8c2163ebbe04cf877f9d785c230a7b27b39ad038e", size = 617349 },
    { url = "https://files.pythonhosted.org/packages/6a/15/a643b4ecd09969e30b8a150d5919960caae0abe4f5af75ab040b1ab85e78/greenlet-3.5.0-cp313-cp313-manylinux_2_24_s390x.manylinux_2_28_s390x.whl", hash = "sha256:4964101b8585c144cbda5532b1aa644255126c08a265dae90c16e7a0e63aaa9d", size = 623234 },
    { url = "https://files.pythonhosted.org/packages/8a/17/a3918541fd0ddefe024a69de6d16aa7b46d36ac19562adaa63c7fa180eff/greenlet-3.5.0-cp313-cp313-manylinux_2_24_x86_64.manylinux_2_28_x86_64.whl", hash = "sha256:2094acd54b272cb6eae8c03dd87b3fa1820a4cef18d6889c378d503500a1dc13", size = 613927 },
    { url = "https://files.pythonhosted.org/packages/77/18/3b13d5ef1275b0ffaf933b05efa21408ac4ca95823c7411d79682e4fdcff/greenlet-3.5.0-cp313-cp313-manylinux_2_39_riscv64.whl", hash = "sha256:7022615368890680e67b9965d33f5773aade330d5343bbe25560135aaa849eae", size = 425243 },
    { url = "https://files.pythonhosted.org/packages/ee/e1/bd0af6213c7dd33175d8a462d4c1fe1175124ebed4855bc1475a5b5242c2/greenlet-3.5.0-cp313-cp313-musllinux_1_2_aarch64.whl", hash = "sha256:5e05ba267789ea87b5a155cf0e810b1ab88bf18e9e8740813945ceb8ee4350ba", size = 1570893 },
    { url = "https://files.pythonhosted.org/packages/9b/2a/0789702f864f5382cb476b93d7a9c823c10472658102ccd65f415747d2e2/greenlet-3.5.0-cp313-cp313-musllinux_1_2_x86_64.whl", hash = "sha256:0ecec963079cd58cbd14723582384f11f166fd58883c15dcbfb342e0bc9b5846", size = 1636060 },
    { url = "https://files.pythonhosted.org/packages/b2/8f/22bf9df92bbff0eb07842b60f7e63bf7675a9742df628437a9f02d09137f/greenlet-3.5.0-cp313-cp313-win_amd64.whl", hash = "sha256:728d9667d8f2f586644b748dbd9bb67e50d6a9381767d1357714ea6825bb3bf5", size = 238740 },
    { url = "https://files.pythonhosted.org/packages/b6/b7/9c5c3d653bd4ff614277c049ac676422e2c557db47b4fe43e6313fc005dc/greenlet-3.5.0-cp313-cp313-win_arm64.whl", hash = "sha256:47422135b1d308c14b2c6e758beedb1acd33bb91679f5670edf77bf46244722b", size = 235525 },
    { url = "https://files.pythonhosted.org/packages/94/5e/a70f31e3e8d961c4ce589c15b28e4225d63704e431a23932a3808cbcc867/greenlet-3.5.0-cp314-cp314-macosx_11_0_universal2.whl", hash = "sha256:f35807464c4c58c55f0d31dfa83c541a5615d825c2fe3d2b95360cf7c4e3c0a8", size = 285564 },
    { url = "https://files.pythonhosted.org/packages/af/a6/046c0a28e21833e4086918218cfb3d8bed51c075a1b700f20b9d7861c0f4/greenlet-3.5.0-cp314-cp314-manylinux_2_24_aarch64.manylinux_2_28_aarch64.whl", hash = "sha256:55fa7ea52771be44af0de27d8b80c02cd18c2c3cddde6c847ecebdf72418b6a1", size = 651166 },
    { url = "https://files.pythonhosted.org/packages/47/f8/4af27f71c5ff32a7fbc516adb46370d9c4ae2bc7bd3dc7d066ac542b4b15/greenlet-3.5.0-cp314-cp314-manylinux_2_24_ppc64le.manylinux_2_28_ppc64le.whl", hash = "sha256:a97e4821aa710603f94de0da25f25096454d78ffdace5dc77f3a006bc01abba3", size = 663792 },
    { url = "https://files.pythonhosted.org/packages/fb/89/2dadb89793c37ee8b4c237857188293e9060dc085f19845c292e00f8e091/greenlet-3.5.0-cp314-cp314-manylinux_2_24_s390x.manylinux_2_28_s390x.whl", hash = "sha256:bf2d8a80bec89ab46221ae45c5373d5ba0bd36c19aa8508e85c6cd7e5106cd37", size = 668086 },
    { url = "https://files.pythonhosted.org/packages/a3/59/1bd6d7428d6ed9106efbb8c52310c60fd04f6672490f452aeaa3829aa436/greenlet-3.5.0-cp314-cp314-manylinux_2_24_x86_64.manylinux_2_28_x86_64.whl", hash = "sha256:8f52a464e4ed91780bdfbbdd2b97197f3accaa629b98c200f4dffada759f3ae7", size = 660933 },
    { url = "https://files.pythonhosted.org/packages/82/35/75722be7e26a2af4cbd2dc35b0ed382dacf9394b7e75551f76ed1abe87f2/greenlet-3.5.0-cp314-cp314-manylinux_2_39_riscv64.whl", hash = "sha256:1bae92a1dd94c5f9d9493c3a212dd874c202442047cf96446412c862feca83a2", size = 470799 },
    { url = "https://files.pythonhosted.org/packages/83/e4/b903e5a5fae1e8a28cdd32a0cfbfd560b668c25b692f67768822ddc5f40f/greenlet-3.5.0-cp314-cp314-musllinux_1_2_aarch64.whl", hash = "sha256:762612baf1161ccb8437c0161c668a688223cba28e1bf038f4eb47b13e39ccdf", size = 1618401 },
    { url = "https://files.pythonhosted.org/packages/0e/e3/5ec408a329acb854fb607a122e1ee5fb3ff649f9a97952948a90803c0d8e/greenlet-3.5.0-cp314-cp314-musllinux_1_2_x86_64.whl", hash = "sha256:57a43c6079a89713522bc4bcb9f75070ecf5d3dbad7792bfe42239362cbf2a16", size = 1682038 },
    { url = "https://files.pythonhosted.org/packages/91/20/6b165108058767ee643c55c5c4904d591a830ee2b3c7dbd359828fbc829f/greenlet-3.5.0-cp314-cp314-win_amd64.whl", hash = "sha256:3bc59be3945ae9750b9e7d45067d01ae3fe90ea5f9ade99239dabdd6e28a5033", size = 239835 },
    { url = "https://files.pythonhosted.org/packages/4e/62/1c498375cee177b55d980c1db319f26470e5309e54698c8f8fc06c0fd539/greenlet-3.5.0-cp314-cp314-win_arm64.whl", hash = "sha256:a96fcee45e03fe30a62669fd16ab5c9d3c172660d3085605cb1e2d1280d3c988", size = 236862 },
    { url = "https://files.pythonhosted.org/packages/78/a8/4522939255bb5409af4e87132f915446bf3622c2c292d14d3c38d128ae82/greenlet-3.5.0-cp314-cp314t-macosx_11_0_universal2.whl", hash = "sha256:a10a732421ab4fec934783ce3e54763470d0181db6e3468f9103a275c3ed1853", size = 293614 },
    { url = "https://files.pythonhosted.org/packages/15/5e/8744c52e2c027b5a8772a01561934c8835f869733e101f62075c60430340/greenlet-3.5.0-cp314-cp314t-manylinux_2_24_aarch64.manylinux_2_28_aarch64.whl", hash = "sha256:7fc391b1566f2907d17aaebe78f8855dc45675159a775fcf9e61f8ee0078e87f", size = 650723 },
    { url = "https://files.pythonhosted.org/packages/00/ef/7b4c39c03cf46ceca512c5d3f914afd85aa30b2cc9a93015b0dd73e4be6c/greenlet-3.5.0-cp314-cp314t-manylinux_2_24_ppc64le.manylinux_2_28_ppc64le.whl", hash = "sha256:680bd0e7ad5e8daa8a4aa89f68fd6adc834b8a8036dc256533f7e08f4a4b01f7", size = 656529 },
    { url = "https://files.pythonhosted.org/packages/5f/5c/0602239503b124b70e39355cbdb39361ecfe65b87a5f2f63752c32f5286f/greenlet-3.5.0-cp314-cp314t-manylinux_2_24_s390x.manylinux_2_28_s390x.whl", hash = "sha256:1aa4ce8debcd4ea7fb2e150f3036588c41493d1d52c43538924ae1819003f4ce", size = 657015 },
    { url = "https://files.pythonhosted.org/packages/0b/b5/c7768f352f5c010f92064d0063f987e7dc0cd290a6d92a34109015ce4aa1/greenlet-3.5.0-cp314-cp314t-manylinux_2_24_x86_64.manylinux_2_28_x86_64.whl", hash = "sha256:ddb36c7d6c9c0a65f18c7258634e0c416c6ab59caac8c987b96f80c2ebda0112", size = 654364 },
    { url = "https://files.pythonhosted.org/packages/38/51/8699f865f125dc952384cb432b0f7138aa4d8f2969a7d12d0df5b94d054d/greenlet-3.5.0-cp314-cp314t-manylinux_2_39_riscv64.whl", hash = "sha256:728a73687e39ae9ca34e4694cbf2f049d3fbc7174639468d0f67200a97d8f9e2", size = 488275 },
    { url = "https://files.pythonhosted.org/packages/ef/d0/079ebe12e4b1fc758857ce5be1a5e73f06870f2101e52611d1e71925ce54/greenlet-3.5.0-cp314-cp314t-musllinux_1_2_aarch64.whl", hash = "sha256:e5ddf316ced87539144621453c3aef229575825fe60c604e62bedc4003f372b2", size = 1614204 },
    { url = "https://files.pythonhosted.org/packages/6d/89/6c2fb63df3596552d20e58fb4d96669243388cf680cff222758812c7bfaa/greenlet-3.5.0-cp314-cp314t-musllinux_1_2_x86_64.whl", hash = "sha256:4a448128607be0de65342dc9b31be7f948ef4cc0bc8832069350abefd310a8f2", size = 1675480 },
    { url = "https://files.pythonhosted.org/packages/15/32/77ee8a6c1564fc345a491a4e85b3bf360e4cf26eac98c4532d2fdb96e01f/greenlet-3.5.0-cp314-cp314t-win_amd64.whl", hash = "sha256:d60097128cb0a1cab9ea541186ea13cd7b847b8449a7787c2e2350da0cb82d86", size = 245324 },
]

[[package]]
name = "psycopg"
version = "3.3.3"
source = { registry = "https://pypi.org/simple" }
dependencies = [
    { name = "typing-extensions", marker = "python_full_version < '3.13'" },
    { name = "tzdata", marker = "sys_platform == 'win32'" },
]
sdist = { url = "https://files.pythonhosted.org/packages/d3/b6/379d0a960f8f435ec78720462fd94c4863e7a31237cf81bf76d0af5883bf/psycopg-3.3.3.tar.gz", hash = "sha256:5e9a47458b3c1583326513b2556a2a9473a1001a56c9efe9e587245b43148dd9", size = 165624 }
wheels = [
    { url = "https://files.pythonhosted.org/packages/c8/5b/181e2e3becb7672b502f0ed7f16ed7352aca7c109cfb94cf3878a9186db9/psycopg-3.3.3-py3-none-any.whl", hash = "sha256:f96525a72bcfade6584ab17e89de415ff360748c766f0106959144dcbb38c698", size = 212768 },
]

[package.optional-dependencies]
binary = [
    { name = "psycopg-binary", marker = "implementation_name != 'pypy'" },
]

[[package]]
name = "psycopg-binary"
version = "3.3.3"
source = { registry = "https://pypi.org/simple" }
wheels = [
    { url = "https://files.pythonhosted.org/packages/be/c0/b389119dd754483d316805260f3e73cdcad97925839107cc7a296f6132b1/psycopg_binary-3.3.3-cp311-cp311-macosx_10_9_x86_64.whl", hash = "sha256:a89bb9ee11177b2995d87186b1d9fa892d8ea725e85eab28c6525e4cc14ee048", size = 4609740 },
    { url = "https://files.pythonhosted.org/packages/cf/e3/9976eef20f61840285174d360da4c820a311ab39d6b82fa09fbb545be825/psycopg_binary-3.3.3-cp311-cp311-macosx_11_0_arm64.whl", hash = "sha256:9f7d0cf072c6fbac3795b08c98ef9ea013f11db609659dcfc6b1f6cc31f9e181", size = 4676837 },
    { url = "https://files.pythonhosted.org/packages/9f/f2/d28ba2f7404fd7f68d41e8a11df86313bd646258244cb12a8dd83b868a97/psycopg_binary-3.3.3-cp311-cp311-manylinux2014_ppc64le.manylinux_2_17_ppc64le.whl", hash = "sha256:90eecd93073922f085967f3ed3a98ba8c325cbbc8c1a204e300282abd2369e13", size = 5497070 },
    { url = "https://files.pythonhosted.org/packages/de/2f/6c5c54b815edeb30a281cfcea96dc93b3bb6be939aea022f00cab7aa1420/psycopg_binary-3.3.3-cp311-cp311-manylinux2014_x86_64.manylinux_2_17_x86_64.whl", hash = "sha256:dac7ee2f88b4d7bb12837989ca354c38d400eeb21bce3b73dac02622f0a3c8d6", size = 5172410 },
    { url = "https://files.pythonhosted.org/packages/51/75/8206c7008b57de03c1ada46bd3110cc3743f3fd9ed52031c4601401d766d/psycopg_binary-3.3.3-cp311-cp311-manylinux_2_27_aarch64.manylinux_2_28_aarch64.whl", hash = "sha256:b62cf8784eb6d35beaee1056d54caf94ec6ecf2b7552395e305518ab61eb8fd2", size = 6763408 },
    { url = "https://files.pythonhosted.org/packages/d4/5a/ea1641a1e6c8c8b3454b0fcb43c3045133a8b703e6e824fae134088e63bd/psycopg_binary-3.3.3-cp311-cp311-manylinux_2_38_riscv64.manylinux_2_39_riscv64.whl", hash = "sha256:a39f34c9b18e8f6794cca17bfbcd64572ca2482318db644268049f8c738f35a6", size = 5006255 },
    { url = "https://files.pythonhosted.org/packages/aa/fb/538df099bf55ae1637d52d7ccb6b9620b535a40f4c733897ac2b7bb9e14c/psycopg_binary-3.3.3-cp311-cp311-musllinux_1_2_aarch64.whl", hash = "sha256:883d68d48ca9ff3cb3d10c5fdebea02c79b48eecacdddbf7cce6e7cdbdc216b8", size = 4532694 },
    { url = "https://files.pythonhosted.org/packages/a1/d1/00780c0e187ea3c13dfc53bd7060654b2232cd30df562aac91a5f1c545ac/psycopg_binary-3.3.3-cp311-cp311-musllinux_1_2_ppc64le.whl", hash = "sha256:cab7bc3d288d37a80aa8c0820033250c95e40b1c2b5c57cf59827b19c2a8b69d", size = 4222833 },
    { url = "https://files.pythonhosted.org/packages/7a/34/a07f1ff713c51d64dc9f19f2c32be80299a2055d5d109d5853662b922cb4/psycopg_binary-3.3.3-cp311-cp311-musllinux_1_2_riscv64.whl", hash = "sha256:56c767007ca959ca32f796b42379fc7e1ae2ed085d29f20b05b3fc394f3715cc", size = 3952818 },
    { url = "https://files.pythonhosted.org/packages/d3/67/d33f268a7759b4445f3c9b5a181039b01af8c8263c865c1be7a6444d4749/psycopg_binary-3.3.3-cp311-cp311-musllinux_1_2_x86_64.whl", hash = "sha256:da2f331a01af232259a21573a01338530c6016dcfad74626c01330535bcd8628", size = 4258061 },
    { url = "https://files.pythonhosted.org/packages/b4/3b/0d8d2c5e8e29ccc07d28c8af38445d9d9abcd238d590186cac82ee71fc84/psycopg_binary-3.3.3-cp311-cp311-win_amd64.whl", hash = "sha256:19f93235ece6dbfc4036b5e4f6d8b13f0b8f2b3eeb8b0bd2936d406991bcdd40", size = 3558915 },
    { url = "https://files.pythonhosted.org/packages/90/15/021be5c0cbc5b7c1ab46e91cc3434eb42569f79a0592e67b8d25e66d844d/psycopg_binary-3.3.3-cp312-cp312-macosx_10_13_x86_64.whl", hash = "sha256:6698dbab5bcef8fdb570fc9d35fd9ac52041771bfcfe6fd0fc5f5c4e36f1e99d", size = 4591170 },
    { url = "https://files.pythonhosted.org/packages/f1/54/a60211c346c9a2f8c6b272b5f2bbe21f6e11800ce7f61e99ba75cf8b63e1/psycopg_binary-3.3.3-cp312-cp312-macosx_11_0_arm64.whl", hash = "sha256:329ff393441e75f10b673ae99ab45276887993d49e65f141da20d915c05aafd8", size = 4670009 },
    { url = "https://files.pythonhosted.org/packages/c1/53/ac7c18671347c553362aadbf65f92786eef9540676ca24114cc02f5be405/psycopg_binary-3.3.3-cp312-cp312-manylinux2014_ppc64le.manylinux_2_17_ppc64le.whl", hash = "sha256:eb072949b8ebf4082ae24289a2b0fd724da9adc8f22743409d6fd718ddb379df", size = 5469735 },
    { url = "https://files.pythonhosted.org/packages/7f/c3/4f4e040902b82a344eff1c736cde2f2720f127fe939c7e7565706f96dd44/psycopg_binary-3.3.3-cp312-cp312-manylinux2014_x86_64.manylinux_2_17_x86_64.whl", hash = "sha256:263a24f39f26e19ed7fc982d7859a36f17841b05bebad3eb47bb9cd2dd785351", size = 5152919 },
    { url = "https://files.pythonhosted.org/packages/0c/e7/d929679c6a5c212bcf738806c7c89f5b3d0919f2e1685a0e08d6ff877945/psycopg_binary-3.3.3-cp312-cp312-manylinux_2_27_aarch64.manylinux_2_28_aarch64.whl", hash = "sha256:5152d50798c2fa5bd9b68ec68eb68a1b71b95126c1d70adaa1a08cd5eefdc23d", size = 6738785 },
    { url = "https://files.pythonhosted.org/packages/69/b0/09703aeb69a9443d232d7b5318d58742e8ca51ff79f90ffe6b88f1db45e7/psycopg_binary-3.3.3-cp312-cp312-manylinux_2_38_riscv64.manylinux_2_39_riscv64.whl", hash = "sha256:9d6a1e56dd267848edb824dbeb08cf5bac649e02ee0b03ba883ba3f4f0bd54f2", size = 4979008 },
    { url = "https://files.pythonhosted.org/packages/cc/a6/e662558b793c6e13a7473b970fee327d635270e41eded3090ef14045a6a5/psycopg_binary-3.3.3-cp312-cp312-musllinux_1_2_aarch64.whl", hash = "sha256:73eaaf4bb04709f545606c1db2f65f4000e8a04cdbf3e00d165a23004692093e", size = 4508255 },
    { url = "https://files.pythonhosted.org/packages/5f/7f/0f8b2e1d5e0093921b6f324a948a5c740c1447fbb45e97acaf50241d0f39/psycopg_binary-3.3.3-cp312-cp312-musllinux_1_2_ppc64le.whl", hash = "sha256:162e5675efb4704192411eaf8e00d07f7960b679cd3306e7efb120bb8d9456cc", size = 4189166 },
    { url = "https://files.pythonhosted.org/packages/92/ec/ce2e91c33bc8d10b00c87e2f6b0fb570641a6a60042d6a9ae35658a3a797/psycopg_binary-3.3.3-cp312-cp312-musllinux_1_2_riscv64.whl", hash = "sha256:fab6b5e37715885c69f5d091f6ff229be71e235f272ebaa35158d5a46fd548a0", size = 3924544 },
    { url = "https://files.pythonhosted.org/packages/c5/2f/7718141485f73a924205af60041c392938852aa447a94c8cbd222ff389a1/psycopg_binary-3.3.3-cp312-cp312-musllinux_1_2_x86_64.whl", hash = "sha256:a4aab31bd6d1057f287c96c0effca3a25584eb9cc702f282ecb96ded7814e830", size = 4235297 },
    { url = "https://files.pythonhosted.org/packages/57/f9/1add717e2643a003bbde31b1b220172e64fbc0cb09f06429820c9173f7fc/psycopg_binary-3.3.3-cp312-cp312-win_amd64.whl", hash = "sha256:59aa31fe11a0e1d1bcc2ce37ed35fe2ac84cd65bb9036d049b1a1c39064d0f14", size = 3547659 },
    { url = "https://files.pythonhosted.org/packages/03/0a/cac9fdf1df16a269ba0e5f0f06cac61f826c94cadb39df028cdfe19d3a33/psycopg_binary-3.3.3-cp313-cp313-macosx_10_13_x86_64.whl", hash = "sha256:05f32239aec25c5fb15f7948cffdc2dc0dac098e48b80a140e4ba32b572a2e7d", size = 4590414 },
    { url = "https://files.pythonhosted.org/packages/9c/c0/d8f8508fbf440edbc0099b1abff33003cd80c9e66eb3a1e78834e3fb4fb9/psycopg_binary-3.3.3-cp313-cp313-macosx_11_0_arm64.whl", hash = "sha256:7c84f9d214f2d1de2fafebc17fa68ac3f6561a59e291553dfc45ad299f4898c1", size = 4669021 },
    { url = "https://files.pythonhosted.org/packages/04/05/097016b77e343b4568feddf12c72171fc513acef9a4214d21b9478569068/psycopg_binary-3.3.3-cp313-cp313-manylinux2014_ppc64le.manylinux_2_17_ppc64le.whl", hash = "sha256:e77957d2ba17cada11be09a5066d93026cdb61ada7c8893101d7fe1c6e1f3925", size = 5467453 },
    { url = "https://files.pythonhosted.org/packages/91/23/73244e5feb55b5ca109cede6e97f32ef45189f0fdac4c80d75c99862729d/psycopg_binary-3.3.3-cp313-cp313-manylinux2014_x86_64.manylinux_2_17_x86_64.whl", hash = "sha256:42961609ac07c232a427da7c87a468d3c82fee6762c220f38e37cfdacb2b178d", size = 5151135 },
    { url = "https://files.pythonhosted.org/packages/11/49/5309473b9803b207682095201d8708bbc7842ddf3f192488a69204e36455/psycopg_binary-3.3.3-cp313-cp313-manylinux_2_27_aarch64.manylinux_2_28_aarch64.whl", hash = "sha256:ae07a3114313dd91fce686cab2f4c44af094398519af0e0f854bc707e1aeedf1", size = 6737315 },
    { url = "https://files.pythonhosted.org/packages/d4/5d/03abe74ef34d460b33c4d9662bf6ec1dd38888324323c1a1752133c10377/psycopg_binary-3.3.3-cp313-cp313-manylinux_2_38_riscv64.manylinux_2_39_riscv64.whl", hash = "sha256:d257c58d7b36a621dcce1d01476ad8b60f12d80eb1406aee4cf796f88b2ae482", size = 4979783 },
    { url = "https://files.pythonhosted.org/packages/f0/6c/3fbf8e604e15f2f3752900434046c00c90bb8764305a1b81112bff30ba24/psycopg_binary-3.3.3-cp313-cp313-musllinux_1_2_aarch64.whl", hash = "sha256:07c7211f9327d522c9c47560cae00a4ecf6687f4e02d779d035dd3177b41cb12", size = 4509023 },
    { url = "https://files.pythonhosted.org/packages/9c/6b/1a06b43b7c7af756c80b67eac8bfaa51d77e68635a8a8d246e4f0bb7604a/psycopg_binary-3.3.3-cp313-cp313-musllinux_1_2_ppc64le.whl", hash = "sha256:8e7e9eca9b363dbedeceeadd8be97149d2499081f3c52d141d7cd1f395a91f83", size = 4185874 },
    { url = "https://files.pythonhosted.org/packages/2b/d3/bf49e3dcaadba510170c8d111e5e69e5ae3f981c1554c5bb71c75ce354bb/psycopg_binary-3.3.3-cp313-cp313-musllinux_1_2_riscv64.whl", hash = "sha256:cb85b1d5702877c16f28d7b92ba030c1f49ebcc9b87d03d8c10bf45a2f1c7508", size = 3925668 },
    { url = "https://files.pythonhosted.org/packages/f8/92/0aac830ed6a944fe334404e1687a074e4215630725753f0e3e9a9a595b62/psycopg_binary-3.3.3-cp313-cp313-musllinux_1_2_x86_64.whl", hash = "sha256:4d4606c84d04b80f9138d72f1e28c6c02dc5ae0c7b8f3f8aaf89c681ce1cd1b1", size = 4234973 },
    { url = "https://files.pythonhosted.org/packages/2e/96/102244653ee5a143ece5afe33f00f52fe64e389dfce8dbc87580c6d70d3d/psycopg_binary-3.3.3-cp313-cp313-win_amd64.whl", hash = "sha256:74eae563166ebf74e8d950ff359be037b85723d99ca83f57d9b244a871d6c13b", size = 3551342 },
    { url = "https://files.pythonhosted.org/packages/a2/71/7a57e5b12275fe7e7d84d54113f0226080423a869118419c9106c083a21c/psycopg_binary-3.3.3-cp314-cp314-macosx_10_15_x86_64.whl", hash = "sha256:497852c5eaf1f0c2d88ab74a64a8097c099deac0c71de1cbcf18659a8a04a4b2", size = 4607368 },
    { url = "https://files.pythonhosted.org/packages/c7/04/cb834f120f2b2c10d4003515ef9ca9d688115b9431735e3936ae48549af8/psycopg_binary-3.3.3-cp314-cp314-macosx_11_0_arm64.whl", hash = "sha256:258d1ea53464d29768bf25930f43291949f4c7becc706f6e220c515a63a24edd", size = 4687047 },
    { url = "https://files.pythonhosted.org/packages/40/e9/47a69692d3da9704468041aa5ed3ad6fc7f6bb1a5ae788d261a26bbca6c7/psycopg_binary-3.3.3-cp314-cp314-manylinux2014_ppc64le.manylinux_2_17_ppc64le.whl", hash = "sha256:111c59897a452196116db12e7f608da472fbff000693a21040e35fc978b23430", size = 5487096 },
    { url = "https://files.pythonhosted.org/packages/0b/b6/0e0dd6a2f802864a4ae3dbadf4ec620f05e3904c7842b326aafc43e5f464/psycopg_binary-3.3.3-cp314-cp314-manylinux2014_x86_64.manylinux_2_17_x86_64.whl", hash = "sha256:17bb6600e2455993946385249a3c3d0af52cd70c1c1cdbf712e9d696d0b0bf1b", size = 5168720 },
    { url = "https://files.pythonhosted.org/packages/6f/0d/977af38ac19a6b55d22dff508bd743fd7c1901e1b73657e7937c7cccb0a3/psycopg_binary-3.3.3-cp314-cp314-manylinux_2_27_aarch64.manylinux_2_28_aarch64.whl", hash = "sha256:642050398583d61c9856210568eb09a8e4f2fe8224bf3be21b67a370e677eead", size = 6762076 },
    { url = "https://files.pythonhosted.org/packages/34/40/912a39d48322cf86895c0eaf2d5b95cb899402443faefd4b09abbba6b6e1/psycopg_binary-3.3.3-cp314-cp314-manylinux_2_38_riscv64.manylinux_2_39_riscv64.whl", hash = "sha256:533efe6dc3a7cba5e2a84e38970786bb966306863e45f3db152007e9f48638a6", size = 4997623 },
    { url = "https://files.pythonhosted.org/packages/98/0c/c14d0e259c65dc7be854d926993f151077887391d5a081118907a9d89603/psycopg_binary-3.3.3-cp314-cp314-musllinux_1_2_aarch64.whl", hash = "sha256:5958dbf28b77ce2033482f6cb9ef04d43f5d8f4b7636e6963d5626f000efb23e", size = 4532096 },
    { url = "https://files.pythonhosted.org/packages/39/21/8b7c50a194cfca6ea0fd4d1f276158307785775426e90700ab2eba5cd623/psycopg_binary-3.3.3-cp314-cp314-musllinux_1_2_ppc64le.whl", hash = "sha256:a6af77b6626ce92b5817bf294b4d45ec1a6161dba80fc2d82cdffdd6814fd023", size = 4208884 },
    { url = "https://files.pythonhosted.org/packages/c7/2c/a4981bf42cf30ebba0424971d7ce70a222ae9b82594c42fc3f2105d7b525/psycopg_binary-3.3.3-cp314-cp314-musllinux_1_2_riscv64.whl", hash = "sha256:47f06fcbe8542b4d96d7392c476a74ada521c5aebdb41c3c0155f6595fc14c8d", size = 3944542 },
    { url = "https://files.pythonhosted.org/packages/60/e9/b7c29b56aa0b85a4e0c4d89db691c1ceef08f46a356369144430c155a2f5/psycopg_binary-3.3.3-cp314-cp314-musllinux_1_2_x86_64.whl", hash = "sha256:e7800e6c6b5dc4b0ca7cc7370f770f53ac83886b76afda0848065a674231e856", size = 4254339 },
    { url = "https://files.pythonhosted.org/packages/98/5a/291d89f44d3820fffb7a04ebc8f3ef5dda4f542f44a5daea0c55a84abf45/psycopg_binary-3.3.3-cp314-cp314-win_amd64.whl", hash = "sha256:165f22ab5a9513a3d7425ffb7fcc7955ed8ccaeef6d37e369d6cc1dff1582383", size = 3652796 },
]

[[package]]
name = "sqlalchemy"
version = "2.0.49"
source = { registry = "https://pypi.org/simple" }
dependencies = [
    { name = "greenlet", marker = "platform_machine == 'AMD64' or platform_machine == 'WIN32' or platform_machine == 'aarch64' or platform_machine == 'amd64' or platform_machine == 'ppc64le' or platform_machine == 'win32' or platform_machine == 'x86_64'" },
    { name = "typing-extensions" },
]
sdist = { url = "https://files.pythonhosted.org/packages/09/45/461788f35e0364a8da7bda51a1fe1b09762d0c32f12f63727998d85a873b/sqlalchemy-2.0.49.tar.gz", hash = "sha256:d15950a57a210e36dd4cec1aac22787e2a4d57ba9318233e2ef8b2daf9ff2d5f", size = 9898221 }
wheels = [
    { url = "https://files.pythonhosted.org/packages/60/b5/e3617cc67420f8f403efebd7b043128f94775e57e5b84e7255203390ceae/sqlalchemy-2.0.49-cp311-cp311-macosx_11_0_arm64.whl", hash = "sha256:c5070135e1b7409c4161133aa525419b0062088ed77c92b1da95366ec5cbebbe", size = 2159126 },
    { url = "https://files.pythonhosted.org/packages/20/9b/91ca80403b17cd389622a642699e5f6564096b698e7cdcbcbb6409898bc4/sqlalchemy-2.0.49-cp311-cp311-manylinux2014_aarch64.manylinux_2_17_aarch64.manylinux_2_28_aarch64.whl", hash = "sha256:9ac7a3e245fd0310fd31495eb61af772e637bdf7d88ee81e7f10a3f271bff014", size = 3315509 },
    { url = "https://files.pythonhosted.org/packages/b1/61/0722511d98c54de95acb327824cb759e8653789af2b1944ab1cc69d32565/sqlalchemy-2.0.49-cp311-cp311-manylinux2014_x86_64.manylinux_2_17_x86_64.manylinux_2_28_x86_64.whl", hash = "sha256:4d4e5a0ceba319942fa6b585cf82539288a61e314ef006c1209f734551ab9536", size = 3315014 },
    { url = "https://files.pythonhosted.org/packages/46/55/d514a653ffeb4cebf4b54c47bec32ee28ad89d39fafba16eeed1d81dccd5/sqlalchemy-2.0.49-cp311-cp311-musllinux_1_2_aarch64.whl", hash = "sha256:3ddcb27fb39171de36e207600116ac9dfd4ae46f86c82a9bf3934043e80ebb88", size = 3267388 },
    { url = "https://files.pythonhosted.org/packages/2f/16/0dcc56cb6d3335c1671a2258f5d2cb8267c9a2260e27fde53cbfb1b3540a/sqlalchemy-2.0.49-cp311-cp311-musllinux_1_2_x86_64.whl", hash = "sha256:32fe6a41ad97302db2931f05bb91abbcc65b5ce4c675cd44b972428dd2947700", size = 3289602 },
    { url = "https://files.pythonhosted.org/packages/51/6c/f8ab6fb04470a133cd80608db40aa292e6bae5f162c3a3d4ab19544a67af/sqlalchemy-2.0.49-cp311-cp311-win32.whl", hash = "sha256:46d51518d53edfbe0563662c96954dc8fcace9832332b914375f45a99b77cc9a", size = 2119044 },
    { url = "https://files.pythonhosted.org/packages/c4/59/55a6d627d04b6ebb290693681d7683c7da001eddf90b60cfcc41ee907978/sqlalchemy-2.0.49-cp311-cp311-win_amd64.whl", hash = "sha256:951d4a210744813be63019f3df343bf233b7432aadf0db54c75802247330d3af", size = 2143642 },
    { url = "https://files.pythonhosted.org/packages/49/b3/2de412451330756aaaa72d27131db6dde23995efe62c941184e15242a5fa/sqlalchemy-2.0.49-cp312-cp312-macosx_11_0_arm64.whl", hash = "sha256:4bbccb45260e4ff1b7db0be80a9025bb1e6698bdb808b83fff0000f7a90b2c0b", size = 2157681 },
    { url = "https://files.pythonhosted.org/packages/50/84/b2a56e2105bd11ebf9f0b93abddd748e1a78d592819099359aa98134a8bf/sqlalchemy-2.0.49-cp312-cp312-manylinux2014_aarch64.manylinux_2_17_aarch64.manylinux_2_28_aarch64.whl", hash = "sha256:fb37f15714ec2652d574f021d479e78cd4eb9d04396dca36568fdfffb3487982", size = 3338976 },
    { url = "https://files.pythonhosted.org/packages/2c/fa/65fcae2ed62f84ab72cf89536c7c3217a156e71a2c111b1305ab6f0690e2/sqlalchemy-2.0.49-cp312-cp312-manylinux2014_x86_64.manylinux_2_17_x86_64.manylinux_2_28_x86_64.whl", hash = "sha256:3bb9ec6436a820a4c006aad1ac351f12de2f2dbdaad171692ee457a02429b672", size = 3351937 },
    { url = "https://files.pythonhosted.org/packages/f8/2f/6fd118563572a7fe475925742eb6b3443b2250e346a0cc27d8d408e73773/sqlalchemy-2.0.49-cp312-cp312-musllinux_1_2_aarch64.whl", hash = "sha256:8d6efc136f44a7e8bc8088507eaabbb8c2b55b3dbb63fe102c690da0ddebe55e", size = 3281646 },
    { url = "https://files.pythonhosted.org/packages/c5/d7/410f4a007c65275b9cf82354adb4bb8ba587b176d0a6ee99caa16fe638f8/sqlalchemy-2.0.49-cp312-cp312-musllinux_1_2_x86_64.whl", hash = "sha256:e06e617e3d4fd9e51d385dfe45b077a41e9d1b033a7702551e3278ac597dc750", size = 3316695 },
    { url = "https://files.pythonhosted.org/packages/d9/95/81f594aa60ded13273a844539041ccf1e66c5a7bed0a8e27810a3b52d522/sqlalchemy-2.0.49-cp312-cp312-win32.whl", hash = "sha256:83101a6930332b87653886c01d1ee7e294b1fe46a07dd9a2d2b4f91bcc88eec0", size = 2117483 },
    { url = "https://files.pythonhosted.org/packages/47/9e/fd90114059175cac64e4fafa9bf3ac20584384d66de40793ae2e2f26f3bb/sqlalchemy-2.0.49-cp312-cp312-win_amd64.whl", hash = "sha256:618a308215b6cececb6240b9abde545e3acdabac7ae3e1d4e666896bf5ba44b4", size = 2144494 },
    { url = "https://files.pythonhosted.org/packages/ae/81/81755f50eb2478eaf2049728491d4ea4f416c1eb013338682173259efa09/sqlalchemy-2.0.49-cp313-cp313-macosx_11_0_arm64.whl", hash = "sha256:df2d441bacf97022e81ad047e1597552eb3f83ca8a8f1a1fdd43cd7fe3898120", size = 2154547 },
    { url = "https://files.pythonhosted.org/packages/a2/bc/3494270da80811d08bcfa247404292428c4fe16294932bce5593f215cad9/sqlalchemy-2.0.49-cp313-cp313-manylinux2014_aarch64.manylinux_2_17_aarch64.manylinux_2_28_aarch64.whl", hash = "sha256:8e20e511dc15265fb433571391ba313e10dd8ea7e509d51686a51313b4ac01a2", size = 3280782 },
    { url = "https://files.pythonhosted.org/packages/cd/f5/038741f5e747a5f6ea3e72487211579d8cbea5eb9827a9cbd61d0108c4bd/sqlalchemy-2.0.49-cp313-cp313-manylinux2014_x86_64.manylinux_2_17_x86_64.manylinux_2_28_x86_64.whl", hash = "sha256:47604cb2159f8bbd5a1ab48a714557156320f20871ee64d550d8bf2683d980d3", size = 3297156 },
    { url = "https://files.pythonhosted.org/packages/88/50/a6af0ff9dc954b43a65ca9b5367334e45d99684c90a3d3413fc19a02d43c/sqlalchemy-2.0.49-cp313-cp313-musllinux_1_2_aarch64.whl", hash = "sha256:22d8798819f86720bc646ab015baff5ea4c971d68121cb36e2ebc2ee43ead2b7", size = 3228832 },
    { url = "https://files.pythonhosted.org/packages/bc/d1/5f6bdad8de0bf546fc74370939621396515e0cdb9067402d6ba1b8afbe9a/sqlalchemy-2.0.49-cp313-cp313-musllinux_1_2_x86_64.whl", hash = "sha256:9b1c058c171b739e7c330760044803099c7fff11511e3ab3573e5327116a9c33", size = 3267000 },
    { url = "https://files.pythonhosted.org/packages/f7/30/ad62227b4a9819a5e1c6abff77c0f614fa7c9326e5a3bdbee90f7139382b/sqlalchemy-2.0.49-cp313-cp313-win32.whl", hash = "sha256:a143af2ea6672f2af3f44ed8f9cd020e9cc34c56f0e8db12019d5d9ecf41cb3b", size = 2115641 },
    { url = "https://files.pythonhosted.org/packages/17/3a/7215b1b7d6d49dc9a87211be44562077f5f04f9bb5a59552c1c8e2d98173/sqlalchemy-2.0.49-cp313-cp313-win_amd64.whl", hash = "sha256:12b04d1db2663b421fe072d638a138460a51d5a862403295671c4f3987fb9148", size = 2141498 },
    { url = "https://files.pythonhosted.org/packages/28/4b/52a0cb2687a9cd1648252bb257be5a1ba2c2ded20ba695c65756a55a15a4/sqlalchemy-2.0.49-cp313-cp313t-manylinux2014_aarch64.manylinux_2_17_aarch64.manylinux_2_28_aarch64.whl", hash = "sha256:24bd94bb301ec672d8f0623eba9226cc90d775d25a0c92b5f8e4965d7f3a1518", size = 3560807 },
    { url = "https://files.pythonhosted.org/packages/8c/d8/fda95459204877eed0458550d6c7c64c98cc50c2d8d618026737de9ed41a/sqlalchemy-2.0.49-cp313-cp313t-manylinux2014_x86_64.manylinux_2_17_x86_64.manylinux_2_28_x86_64.whl", hash = "sha256:a51d3db74ba489266ef55c7a4534eb0b8db9a326553df481c11e5d7660c8364d", size = 3527481 },
    { url = "https://files.pythonhosted.org/packages/ff/0a/2aac8b78ac6487240cf7afef8f203ca783e8796002dc0cf65c4ee99ff8bb/sqlalchemy-2.0.49-cp313-cp313t-musllinux_1_2_aarch64.whl", hash = "sha256:55250fe61d6ebfd6934a272ee16ef1244e0f16b7af6cd18ab5b1fc9f08631db0", size = 3468565 },
    { url = "https://files.pythonhosted.org/packages/a5/3d/ce71cfa82c50a373fd2148b3c870be05027155ce791dc9a5dcf439790b8b/sqlalchemy-2.0.49-cp313-cp313t-musllinux_1_2_x86_64.whl", hash = "sha256:46796877b47034b559a593d7e4b549aba151dae73f9e78212a3478161c12ab08", size = 3477769 },
    { url = "https://files.pythonhosted.org/packages/d5/e8/0a9f5c1f7c6f9ca480319bf57c2d7423f08d31445974167a27d14483c948/sqlalchemy-2.0.49-cp313-cp313t-win32.whl", hash = "sha256:9c4969a86e41454f2858256c39bdfb966a20961e9b58bf8749b65abf447e9a8d", size = 2143319 },
    { url = "https://files.pythonhosted.org/packages/0e/51/fb5240729fbec73006e137c4f7a7918ffd583ab08921e6ff81a999d6517a/sqlalchemy-2.0.49-cp313-cp313t-win_amd64.whl", hash = "sha256:b9870d15ef00e4d0559ae10ee5bc71b654d1f20076dbe8bc7ed19b4c0625ceba", size = 2175104 },
    { url = "https://files.pythonhosted.org/packages/55/33/bf28f618c0a9597d14e0b9ee7d1e0622faff738d44fe986ee287cdf1b8d0/sqlalchemy-2.0.49-cp314-cp314-macosx_11_0_arm64.whl", hash = "sha256:233088b4b99ebcbc5258c755a097aa52fbf90727a03a5a80781c4b9c54347a2e", size = 2156356 },
    { url = "https://files.pythonhosted.org/packages/d1/a7/5f476227576cb8644650eff68cc35fa837d3802b997465c96b8340ced1e2/sqlalchemy-2.0.49-cp314-cp314-manylinux2014_aarch64.manylinux_2_17_aarch64.manylinux_2_28_aarch64.whl", hash = "sha256:57ca426a48eb2c682dae8204cd89ea8ab7031e2675120a47924fabc7caacbc2a", size = 3276486 },
    { url = "https://files.pythonhosted.org/packages/2e/84/efc7c0bf3a1c5eef81d397f6fddac855becdbb11cb38ff957888603014a7/sqlalchemy-2.0.49-cp314-cp314-manylinux2014_x86_64.manylinux_2_17_x86_64.manylinux_2_28_x86_64.whl", hash = "sha256:685e93e9c8f399b0c96a624799820176312f5ceef958c0f88215af4013d29066", size = 3281479 },
    { url = "https://files.pythonhosted.org/packages/91/68/bb406fa4257099c67bd75f3f2261b129c63204b9155de0d450b37f004698/sqlalchemy-2.0.49-cp314-cp314-musllinux_1_2_aarch64.whl", hash = "sha256:9e0400fa22f79acc334d9a6b185dc00a44a8e6578aa7e12d0ddcd8434152b187", size = 3226269 },
    { url = "https://files.pythonhosted.org/packages/67/84/acb56c00cca9f251f437cb49e718e14f7687505749ea9255d7bd8158a6df/sqlalchemy-2.0.49-cp314-cp314-musllinux_1_2_x86_64.whl", hash = "sha256:a05977bffe9bffd2229f477fa75eabe3192b1b05f408961d1bebff8d1cd4d401", size = 3248260 },
    { url = "https://files.pythonhosted.org/packages/56/19/6a20ea25606d1efd7bd1862149bb2a22d1451c3f851d23d887969201633f/sqlalchemy-2.0.49-cp314-cp314-win32.whl", hash = "sha256:0f2fa354ba106eafff2c14b0cc51f22801d1e8b2e4149342023bd6f0955de5f5", size = 2118463 },
    { url = "https://files.pythonhosted.org/packages/cf/4f/8297e4ed88e80baa1f5aa3c484a0ee29ef3c69c7582f206c916973b75057/sqlalchemy-2.0.49-cp314-cp314-win_amd64.whl", hash = "sha256:77641d299179c37b89cf2343ca9972c88bb6eef0d5fc504a2f86afd15cd5adf5", size = 2144204 },
    { url = "https://files.pythonhosted.org/packages/1f/33/95e7216df810c706e0cd3655a778604bbd319ed4f43333127d465a46862d/sqlalchemy-2.0.49-cp314-cp314t-manylinux2014_aarch64.manylinux_2_17_aarch64.manylinux_2_28_aarch64.whl", hash = "sha256:c1dc3368794d522f43914e03312202523cc89692f5389c32bea0233924f8d977", size = 3565474 },
    { url = "https://files.pythonhosted.org/packages/0c/a4/ed7b18d8ccf7f954a83af6bb73866f5bc6f5636f44c7731fbb741f72cc4f/sqlalchemy-2.0.49-cp314-cp314t-manylinux2014_x86_64.manylinux_2_17_x86_64.manylinux_2_28_x86_64.whl", hash = "sha256:7c821c47ecfe05cc32140dcf8dc6fd5d21971c86dbd56eabfe5ba07a64910c01", size = 3530567 },
    { url = "https://files.pythonhosted.org/packages/73/a3/20faa869c7e21a827c4a2a42b41353a54b0f9f5e96df5087629c306df71e/sqlalchemy-2.0.49-cp314-cp314t-musllinux_1_2_aarch64.whl", hash = "sha256:9c04bff9a5335eb95c6ecf1c117576a0aa560def274876fd156cfe5510fccc61", size = 3474282 },
    { url = "https://files.pythonhosted.org/packages/b7/50/276b9a007aa0764304ad467eceb70b04822dc32092492ee5f322d559a4dc/sqlalchemy-2.0.49-cp314-cp314t-musllinux_1_2_x86_64.whl", hash = "sha256:7f605a456948c35260e7b2a39f8952a26f077fd25653c37740ed186b90aaa68a", size = 3480406 },
    { url = "https://files.pythonhosted.org/packages/e5/c3/c80fcdb41905a2df650c2a3e0337198b6848876e63d66fe9188ef9003d24/sqlalchemy-2.0.49-cp314-cp314t-win32.whl", hash = "sha256:6270d717b11c5476b0cbb21eedc8d4dbb7d1a956fd6c15a23e96f197a6193158", size = 2149151 },
    { url = "https://files.pythonhosted.org/packages/05/52/9f1a62feab6ed368aff068524ff414f26a6daebc7361861035ae00b05530/sqlalchemy-2.0.49-cp314-cp314t-win_amd64.whl", hash = "sha256:275424295f4256fd301744b8f335cff367825d270f155d522b30c7bf49903ee7", size = 2184178 },
    { url = "https://files.pythonhosted.org/packages/e5/30/8519fdde58a7bdf155b714359791ad1dc018b47d60269d5d160d311fdc36/sqlalchemy-2.0.49-py3-none-any.whl", hash = "sha256:ec44cfa7ef1a728e88ad41674de50f6db8cfdb3e2af84af86e0041aaf02d43d0", size = 1942158 },
]

[[package]]
name = "typing-extensions"
version = "4.15.0"
source = { registry = "https://pypi.org/simple" }
sdist = { url = "https://files.pythonhosted.org/packages/72/94/1a15dd82efb362ac84269196e94cf00f187f7ed21c242792a923cdb1c61f/typing_extensions-4.15.0.tar.gz", hash = "sha256:0cea48d173cc12fa28ecabc3b837ea3cf6f38c6d1136f85cbaaf598984861466", size = 109391 }
wheels = [
    { url = "https://files.pythonhosted.org/packages/18/67/36e9267722cc04a6b9f15c7f3441c2363321a3ea07da7ae0c0707beb2a9c/typing_extensions-4.15.0-py3-none-any.whl", hash = "sha256:f0fa19c6845758ab08074a0cfa8b7aecb71c999ca73d62883bc25cc018c4e548", size = 44614 },
]

[[package]]
name = "tzdata"
version = "2026.2"
source = { registry = "https://pypi.org/simple" }
sdist = { url = "https://files.pythonhosted.org/packages/ba/19/1b9b0e29f30c6d35cb345486df41110984ea67ae69dddbc0e8a100999493/tzdata-2026.2.tar.gz", hash = "sha256:9173fde7d80d9018e02a662e168e5a2d04f87c41ea174b139fbef642eda62d10", size = 198254 }
wheels = [
    { url = "https://files.pythonhosted.org/packages/ce/e4/dccd7f47c4b64213ac01ef921a1337ee6e30e8c6466046018326977efd95/tzdata-2026.2-py2.py3-none-any.whl", hash = "sha256:bbe9af844f658da81a5f95019480da3a89415801f6cc966806612cc7169bffe7", size = 349321 },
]
